version: 6
environments:
  default:
    channels:
    - url: https://conda.anaconda.org/conda-forge/
    packages:
      osx-arm64:
      - conda: https://conda.anaconda.org/conda-forge/noarch/annotated-types-0.7.0-pyhd8ed1ab_1.conda
      - conda: https://conda.anaconda.org/conda-forge/noarch/anyio-4.11.0-pyhcf101f3_0.conda
      - conda: https://conda.anaconda.org/conda-forge/osx-arm64/bzip2-1.0.8-hd037594_8.conda
      - conda: https://conda.anaconda.org/conda-forge/noarch/ca-certificates-2025.8.3-hbd8a1cb_0.conda
      - conda: https://conda.anaconda.org/conda-forge/noarch/certifi-2025.10.5-pyhd8ed1ab_0.conda
      - conda: https://conda.anaconda.org/conda-forge/noarch/click-8.3.0-pyh707e725_0.conda
      - conda: https://conda.anaconda.org/conda-forge/noarch/colorama-0.4.6-pyhd8ed1ab_1.conda
      - conda: https://conda.anaconda.org/conda-forge/noarch/distro-1.9.0-pyhd8ed1ab_1.conda
      - conda: https://conda.anaconda.org/conda-forge/noarch/dnspython-2.8.0-pyhcf101f3_0.conda
      - conda: https://conda.anaconda.org/conda-forge/noarch/email-validator-2.3.0-pyhd8ed1ab_0.conda
      - conda: https://conda.anaconda.org/conda-forge/noarch/email_validator-2.3.0-hd8ed1ab_0.conda
      - conda: https://conda.anaconda.org/conda-forge/noarch/exceptiongroup-1.3.0-pyhd8ed1ab_0.conda
      - conda: https://conda.anaconda.org/conda-forge/noarch/fastapi-0.118.0-h793b878_0.conda
      - conda: https://conda.anaconda.org/conda-forge/noarch/fastapi-cli-0.0.13-pyhcf101f3_0.conda
      - conda: https://conda.anaconda.org/conda-forge/noarch/fastapi-core-0.118.0-pyhcf101f3_0.conda
      - conda: https://conda.anaconda.org/conda-forge/noarch/h11-0.16.0-pyhd8ed1ab_0.conda
      - conda: https://conda.anaconda.org/conda-forge/noarch/h2-4.3.0-pyhcf101f3_0.conda
      - conda: https://conda.anaconda.org/conda-forge/noarch/hpack-4.1.0-pyhd8ed1ab_0.conda
      - conda: https://conda.anaconda.org/conda-forge/noarch/httpcore-1.0.9-pyh29332c3_0.conda
      - conda: https://conda.anaconda.org/conda-forge/osx-arm64/httptools-0.6.4-py313hcdf3177_1.conda
      - conda: https://conda.anaconda.org/conda-forge/noarch/httpx-0.28.1-pyhd8ed1ab_0.conda
      - conda: https://conda.anaconda.org/conda-forge/noarch/hyperframe-6.1.0-pyhd8ed1ab_0.conda
      - conda: https://conda.anaconda.org/conda-forge/osx-arm64/icu-75.1-hfee45f7_0.conda
      - conda: https://conda.anaconda.org/conda-forge/noarch/idna-3.10-pyhd8ed1ab_1.conda
      - conda: https://conda.anaconda.org/conda-forge/noarch/jinja2-3.1.6-pyhd8ed1ab_0.conda
      - conda: https://conda.anaconda.org/conda-forge/osx-arm64/jiter-0.11.0-py313h0b74987_1.conda
      - conda: https://conda.anaconda.org/conda-forge/osx-arm64/libexpat-2.7.1-hec049ff_0.conda
      - conda: https://conda.anaconda.org/conda-forge/osx-arm64/libffi-3.4.6-h1da3d7d_1.conda
      - conda: https://conda.anaconda.org/conda-forge/osx-arm64/liblzma-5.8.1-h39f12f2_2.conda
      - conda: https://conda.anaconda.org/conda-forge/osx-arm64/libmpdec-4.0.0-h5505292_0.conda
      - conda: https://conda.anaconda.org/conda-forge/osx-arm64/libsqlite-3.50.4-h4237e3c_0.conda
      - conda: https://conda.anaconda.org/conda-forge/osx-arm64/libuv-1.51.0-h6caf38d_1.conda
      - conda: https://conda.anaconda.org/conda-forge/osx-arm64/libzlib-1.3.1-h8359307_2.conda
      - conda: https://conda.anaconda.org/conda-forge/noarch/markdown-it-py-4.0.0-pyhd8ed1ab_0.conda
      - conda: https://conda.anaconda.org/conda-forge/osx-arm64/markupsafe-3.0.3-py313h7d74516_0.conda
      - conda: https://conda.anaconda.org/conda-forge/noarch/mdurl-0.1.2-pyhd8ed1ab_1.conda
      - conda: https://conda.anaconda.org/conda-forge/osx-arm64/ncurses-6.5-h5e97a16_3.conda
      - conda: https://conda.anaconda.org/conda-forge/noarch/openai-2.1.0-pyhd8ed1ab_0.conda
      - conda: https://conda.anaconda.org/conda-forge/osx-arm64/openssl-3.5.3-h5503f6c_1.conda
      - conda: https://conda.anaconda.org/conda-forge/noarch/pydantic-2.11.9-pyh3cfb1c2_0.conda
      - conda: https://conda.anaconda.org/conda-forge/osx-arm64/pydantic-core-2.33.2-py313hf3ab51e_0.conda
      - conda: https://conda.anaconda.org/conda-forge/noarch/pygments-2.19.2-pyhd8ed1ab_0.conda
      - conda: https://conda.anaconda.org/conda-forge/osx-arm64/python-3.13.7-h5c937ed_100_cp313.conda
      - conda: https://conda.anaconda.org/conda-forge/noarch/python-dotenv-1.1.1-pyhe01879c_0.conda
      - conda: https://conda.anaconda.org/conda-forge/noarch/python-multipart-0.0.20-pyhff2d567_0.conda
      - conda: https://conda.anaconda.org/conda-forge/noarch/python_abi-3.13-8_cp313.conda
      - conda: https://conda.anaconda.org/conda-forge/osx-arm64/pyyaml-6.0.3-py313h7d74516_0.conda
      - conda: https://conda.anaconda.org/conda-forge/osx-arm64/readline-8.2-h1d1bf99_2.conda
      - conda: https://conda.anaconda.org/conda-forge/noarch/rich-14.1.0-pyhe01879c_0.conda
      - conda: https://conda.anaconda.org/conda-forge/noarch/rich-toolkit-0.15.1-pyhcf101f3_0.conda
      - conda: https://conda.anaconda.org/conda-forge/noarch/shellingham-1.5.4-pyhd8ed1ab_1.conda
      - conda: https://conda.anaconda.org/conda-forge/noarch/sniffio-1.3.1-pyhd8ed1ab_1.conda
      - conda: https://conda.anaconda.org/conda-forge/noarch/starlette-0.48.0-pyhfdc7a7d_0.conda
      - conda: https://conda.anaconda.org/conda-forge/osx-arm64/tk-8.6.13-h892fb3f_2.conda
      - conda: https://conda.anaconda.org/conda-forge/noarch/tqdm-4.67.1-pyhd8ed1ab_1.conda
      - conda: https://conda.anaconda.org/conda-forge/noarch/typer-0.19.2-pyhef33e25_0.conda
      - conda: https://conda.anaconda.org/conda-forge/noarch/typer-slim-0.19.2-pyhcf101f3_0.conda
      - conda: https://conda.anaconda.org/conda-forge/noarch/typer-slim-standard-0.19.2-h6e3bb38_0.conda
      - conda: https://conda.anaconda.org/conda-forge/noarch/typing-extensions-4.15.0-h396c80c_0.conda
      - conda: https://conda.anaconda.org/conda-forge/noarch/typing-inspection-0.4.1-pyhd8ed1ab_0.conda
      - conda: https://conda.anaconda.org/conda-forge/noarch/typing_extensions-4.15.0-pyhcf101f3_0.conda
      - conda: https://conda.anaconda.org/conda-forge/noarch/tzdata-2025b-h78e105d_0.conda
      - conda: https://conda.anaconda.org/conda-forge/noarch/uvicorn-0.37.0-pyh31011fe_0.conda
      - conda: https://conda.anaconda.org/conda-forge/noarch/uvicorn-standard-0.37.0-h31011fe_0.conda
      - conda: https://conda.anaconda.org/conda-forge/osx-arm64/uvloop-0.21.0-py313h63a2874_1.conda
      - conda: https://conda.anaconda.org/conda-forge/osx-arm64/watchfiles-1.1.0-py313h6e3aefc_1.conda
      - conda: https://conda.anaconda.org/conda-forge/osx-arm64/websockets-15.0.1-py313h5b5ffa7_2.conda
      - conda: https://conda.anaconda.org/conda-forge/osx-arm64/yaml-0.2.5-h925e9cb_3.conda
packages:
- conda: https://conda.anaconda.org/conda-forge/noarch/annotated-types-0.7.0-pyhd8ed1ab_1.conda
  sha256: e0ea1ba78fbb64f17062601edda82097fcf815012cf52bb704150a2668110d48
  md5: 2934f256a8acfe48f6ebb4fce6cde29c
  depends:
  - python >=3.9
  - typing-extensions >=4.0.0
  license: MIT
  license_family: MIT
  size: 18074
  timestamp: 1733247158254
- conda: https://conda.anaconda.org/conda-forge/noarch/anyio-4.11.0-pyhcf101f3_0.conda
  sha256: 7378b5b9d81662d73a906fabfc2fb81daddffe8dc0680ed9cda7a9562af894b0
  md5: 814472b61da9792fae28156cb9ee54f5
  depends:
  - exceptiongroup >=1.0.2
  - idna >=2.8
  - python >=3.10
  - sniffio >=1.1
  - typing_extensions >=4.5
  - python
  constrains:
  - trio >=0.31.0
  - uvloop >=0.21
  license: MIT
  license_family: MIT
  size: 138159
  timestamp: 1758634638734
- conda: https://conda.anaconda.org/conda-forge/osx-arm64/bzip2-1.0.8-hd037594_8.conda
  sha256: b456200636bd5fecb2bec63f7e0985ad2097cf1b83d60ce0b6968dffa6d02aa1
  md5: 58fd217444c2a5701a44244faf518206
  depends:
  - __osx >=11.0
  license: bzip2-1.0.6
  license_family: BSD
  size: 125061
  timestamp: 1757437486465
- conda: https://conda.anaconda.org/conda-forge/noarch/ca-certificates-2025.8.3-hbd8a1cb_0.conda
  sha256: 837b795a2bb39b75694ba910c13c15fa4998d4bb2a622c214a6a5174b2ae53d1
  md5: 74784ee3d225fc3dca89edb635b4e5cc
  depends:
  - __unix
  license: ISC
  size: 154402
  timestamp: 1754210968730
- conda: https://conda.anaconda.org/conda-forge/noarch/certifi-2025.10.5-pyhd8ed1ab_0.conda
  sha256: 955bac31be82592093f6bc006e09822cd13daf52b28643c9a6abd38cd5f4a306
  md5: 257ae203f1d204107ba389607d375ded
  depends:
  - python >=3.10
  license: ISC
  size: 160248
  timestamp: 1759648987029
- conda: https://conda.anaconda.org/conda-forge/noarch/click-8.3.0-pyh707e725_0.conda
  sha256: c6567ebc27c4c071a353acaf93eb82bb6d9a6961e40692a359045a89a61d02c0
  md5: e76c4ba9e1837847679421b8d549b784
  depends:
  - __unix
  - python >=3.10
  license: BSD-3-Clause
  license_family: BSD
  size: 91622
  timestamp: 1758270534287
- conda: https://conda.anaconda.org/conda-forge/noarch/colorama-0.4.6-pyhd8ed1ab_1.conda
  sha256: ab29d57dc70786c1269633ba3dff20288b81664d3ff8d21af995742e2bb03287
  md5: 962b9857ee8e7018c22f2776ffa0b2d7
  depends:
  - python >=3.9
  license: BSD-3-Clause
  license_family: BSD
  size: 27011
  timestamp: 1733218222191
- conda: https://conda.anaconda.org/conda-forge/noarch/distro-1.9.0-pyhd8ed1ab_1.conda
  sha256: 5603c7d0321963bb9b4030eadabc3fd7ca6103a38475b4e0ed13ed6d97c86f4e
  md5: 0a2014fd9860f8b1eaa0b1f3d3771a08
  depends:
  - python >=3.9
  license: Apache-2.0
  license_family: APACHE
  size: 41773
  timestamp: 1734729953882
- conda: https://conda.anaconda.org/conda-forge/noarch/dnspython-2.8.0-pyhcf101f3_0.conda
  sha256: ef1e7b8405997ed3d6e2b6722bd7088d4a8adf215e7c88335582e65651fb4e05
  md5: d73fdc05f10693b518f52c994d748c19
  depends:
  - python >=3.10,<4.0.0
  - sniffio
  - python
  constrains:
  - aioquic >=1.2.0
  - cryptography >=45
  - httpcore >=1.0.0
  - httpx >=0.28.0
  - h2 >=4.2.0
  - idna >=3.10
  - trio >=0.30
  - wmi >=1.5.1
  license: ISC
  size: 196500
  timestamp: 1757292856922
- conda: https://conda.anaconda.org/conda-forge/noarch/email-validator-2.3.0-pyhd8ed1ab_0.conda
  sha256: c37320864c35ef996b0e02e289df6ee89582d6c8e233e18dc9983375803c46bb
  md5: 3bc0ac31178387e8ed34094d9481bfe8
  depends:
  - dnspython >=2.0.0
  - idna >=2.0.0
  - python >=3.10
  license: Unlicense
  size: 46767
  timestamp: 1756221480106
- conda: https://conda.anaconda.org/conda-forge/noarch/email_validator-2.3.0-hd8ed1ab_0.conda
  sha256: 6a518e00d040fcad016fb2dde29672aa3476cd9ae33ea5b7b257222e66037d89
  md5: 2452e434747a6b742adc5045f2182a8e
  depends:
  - email-validator >=2.3.0,<2.3.1.0a0
  license: Unlicense
  size: 7077
  timestamp: 1756221480651
- conda: https://conda.anaconda.org/conda-forge/noarch/exceptiongroup-1.3.0-pyhd8ed1ab_0.conda
  sha256: ce61f4f99401a4bd455b89909153b40b9c823276aefcbb06f2044618696009ca
  md5: 72e42d28960d875c7654614f8b50939a
  depends:
  - python >=3.9
  - typing_extensions >=4.6.0
  license: MIT and PSF-2.0
  size: 21284
  timestamp: 1746947398083
- conda: https://conda.anaconda.org/conda-forge/noarch/fastapi-0.118.0-h793b878_0.conda
  sha256: 1f12267b8618e3f7a942ae21c188247e6712a55e4e707ece7a2b9d9c42aabe5e
  md5: 1910a83e6c0739f49ba6c98f2ca96bb0
  depends:
  - fastapi-core ==0.118.0 pyhcf101f3_0
  - email_validator
  - fastapi-cli
  - httpx
  - jinja2
  - python-multipart
  - uvicorn-standard
  license: MIT
  license_family: MIT
  size: 4780
  timestamp: 1759128846666
- conda: https://conda.anaconda.org/conda-forge/noarch/fastapi-cli-0.0.13-pyhcf101f3_0.conda
  sha256: 178a205d4b6636cb9f40f999bf2e6f559e9cbc53f1dcd8cd3f7e5fd78f193a54
  md5: ac56247bdee6912941229d8e897672af
  depends:
  - python >=3.10
  - rich-toolkit >=0.14.8
  - typer >=0.15.1
  - uvicorn-standard >=0.15.0
  - python
  license: MIT
  license_family: MIT
  size: 17616
  timestamp: 1758405759695
- conda: https://conda.anaconda.org/conda-forge/noarch/fastapi-core-0.118.0-pyhcf101f3_0.conda
  sha256: 1159932f5c03c798a4978bee070268ae52c34f8adc57fc7d74941aa7b6f34dfa
  md5: 3d67e25a1bdd778bed9f671905fa759b
  depends:
  - python >=3.10
  - starlette >=0.40.0,<0.49.0
  - typing_extensions >=4.8.0
  - pydantic >=1.7.4,!=1.8,!=1.8.1,!=2.0.0,!=2.0.1,!=2.1.0,<3.0.0
  - python
  constrains:
  - email_validator >=2.0.0
  - fastapi-cli >=0.0.8
  - httpx >=0.23.0,<1.0.0
  - jinja2 >=3.1.5
  - python-multipart >=0.0.18
  - uvicorn-standard >=0.12.0
  license: MIT
  license_family: MIT
  size: 80562
  timestamp: 1759128846666
- conda: https://conda.anaconda.org/conda-forge/noarch/h11-0.16.0-pyhd8ed1ab_0.conda
  sha256: f64b68148c478c3bfc8f8d519541de7d2616bf59d44485a5271041d40c061887
  md5: 4b69232755285701bc86a5afe4d9933a
  depends:
  - python >=3.9
  - typing_extensions
  license: MIT
  license_family: MIT
  size: 37697
  timestamp: 1745526482242
- conda: https://conda.anaconda.org/conda-forge/noarch/h2-4.3.0-pyhcf101f3_0.conda
  sha256: 84c64443368f84b600bfecc529a1194a3b14c3656ee2e832d15a20e0329b6da3
  md5: 164fc43f0b53b6e3a7bc7dce5e4f1dc9
  depends:
  - python >=3.10
  - hyperframe >=6.1,<7
  - hpack >=4.1,<5
  - python
  license: MIT
  license_family: MIT
  size: 95967
  timestamp: 1756364871835
- conda: https://conda.anaconda.org/conda-forge/noarch/hpack-4.1.0-pyhd8ed1ab_0.conda
  sha256: 6ad78a180576c706aabeb5b4c8ceb97c0cb25f1e112d76495bff23e3779948ba
  md5: 0a802cb9888dd14eeefc611f05c40b6e
  depends:
  - python >=3.9
  license: MIT
  license_family: MIT
  size: 30731
  timestamp: 1737618390337
- conda: https://conda.anaconda.org/conda-forge/noarch/httpcore-1.0.9-pyh29332c3_0.conda
  sha256: 04d49cb3c42714ce533a8553986e1642d0549a05dc5cc48e0d43ff5be6679a5b
  md5: 4f14640d58e2cc0aa0819d9d8ba125bb
  depends:
  - python >=3.9
  - h11 >=0.16
  - h2 >=3,<5
  - sniffio 1.*
  - anyio >=4.0,<5.0
  - certifi
  - python
  license: BSD-3-Clause
  license_family: BSD
  size: 49483
  timestamp: 1745602916758
- conda: https://conda.anaconda.org/conda-forge/osx-arm64/httptools-0.6.4-py313hcdf3177_1.conda
  sha256: 89248facb3c380a929deb023febe5901b167d602c9eb9f505eccb6b95c6352ab
  md5: 2bcb0119647f1596869421c6c7517a4f
  depends:
  - __osx >=11.0
  - python >=3.13,<3.14.0a0
  - python >=3.13,<3.14.0a0 *_cp313
  - python_abi 3.13.* *_cp313
  license: MIT
  license_family: MIT
  size: 88357
  timestamp: 1756754715153
- conda: https://conda.anaconda.org/conda-forge/noarch/httpx-0.28.1-pyhd8ed1ab_0.conda
  sha256: cd0f1de3697b252df95f98383e9edb1d00386bfdd03fdf607fa42fe5fcb09950
  md5: d6989ead454181f4f9bc987d3dc4e285
  depends:
  - anyio
  - certifi
  - httpcore 1.*
  - idna
  - python >=3.9
  license: BSD-3-Clause
  license_family: BSD
  size: 63082
  timestamp: 1733663449209
- conda: https://conda.anaconda.org/conda-forge/noarch/hyperframe-6.1.0-pyhd8ed1ab_0.conda
  sha256: 77af6f5fe8b62ca07d09ac60127a30d9069fdc3c68d6b256754d0ffb1f7779f8
  md5: 8e6923fc12f1fe8f8c4e5c9f343256ac
  depends:
  - python >=3.9
  license: MIT
  license_family: MIT
  size: 17397
  timestamp: 1737618427549
- conda: https://conda.anaconda.org/conda-forge/osx-arm64/icu-75.1-hfee45f7_0.conda
  sha256: 9ba12c93406f3df5ab0a43db8a4b4ef67a5871dfd401010fbe29b218b2cbe620
  md5: 5eb22c1d7b3fc4abb50d92d621583137
  depends:
  - __osx >=11.0
  license: MIT
  license_family: MIT
  size: 11857802
  timestamp: 1720853997952
- conda: https://conda.anaconda.org/conda-forge/noarch/idna-3.10-pyhd8ed1ab_1.conda
  sha256: d7a472c9fd479e2e8dcb83fb8d433fce971ea369d704ece380e876f9c3494e87
  md5: 39a4f67be3286c86d696df570b1201b7
  depends:
  - python >=3.9
  license: BSD-3-Clause
  license_family: BSD
  size: 49765
  timestamp: 1733211921194
- conda: https://conda.anaconda.org/conda-forge/noarch/jinja2-3.1.6-pyhd8ed1ab_0.conda
  sha256: f1ac18b11637ddadc05642e8185a851c7fab5998c6f5470d716812fae943b2af
  md5: 446bd6c8cb26050d528881df495ce646
  depends:
  - markupsafe >=2.0
  - python >=3.9
  license: BSD-3-Clause
  license_family: BSD
  size: 112714
  timestamp: 1741263433881
- conda: https://conda.anaconda.org/conda-forge/osx-arm64/jiter-0.11.0-py313h0b74987_1.conda
  sha256: a621cf7099df68821b5209ec02ded1ea8fdee04b337d0a5774954db040b024f7
  md5: c629a2f29a26c5d90f2068267aba360a
  depends:
  - __osx >=11.0
  - python >=3.13,<3.14.0a0
  - python >=3.13,<3.14.0a0 *_cp313
  - python_abi 3.13.* *_cp313
  constrains:
  - __osx >=11.0
  license: MIT
  license_family: MIT
  size: 265494
  timestamp: 1758899829246
- conda: https://conda.anaconda.org/conda-forge/osx-arm64/libexpat-2.7.1-hec049ff_0.conda
  sha256: 8fbb17a56f51e7113ed511c5787e0dec0d4b10ef9df921c4fd1cccca0458f648
  md5: b1ca5f21335782f71a8bd69bdc093f67
  depends:
  - __osx >=11.0
  constrains:
  - expat 2.7.1.*
  license: MIT
  license_family: MIT
  size: 65971
  timestamp: 1752719657566
- conda: https://conda.anaconda.org/conda-forge/osx-arm64/libffi-3.4.6-h1da3d7d_1.conda
  sha256: c6a530924a9b14e193ea9adfe92843de2a806d1b7dbfd341546ece9653129e60
  md5: c215a60c2935b517dcda8cad4705734d
  depends:
  - __osx >=11.0
  license: MIT
  license_family: MIT
  size: 39839
  timestamp: 1743434670405
- conda: https://conda.anaconda.org/conda-forge/osx-arm64/liblzma-5.8.1-h39f12f2_2.conda
  sha256: 0cb92a9e026e7bd4842f410a5c5c665c89b2eb97794ffddba519a626b8ce7285
  md5: d6df911d4564d77c4374b02552cb17d1
  depends:
  - __osx >=11.0
  constrains:
  - xz 5.8.1.*
  license: 0BSD
  size: 92286
  timestamp: 1749230283517
- conda: https://conda.anaconda.org/conda-forge/osx-arm64/libmpdec-4.0.0-h5505292_0.conda
  sha256: 0a1875fc1642324ebd6c4ac864604f3f18f57fbcf558a8264f6ced028a3c75b2
  md5: 85ccccb47823dd9f7a99d2c7f530342f
  depends:
  - __osx >=11.0
  license: BSD-2-Clause
  license_family: BSD
  size: 71829
  timestamp: 1748393749336
- conda: https://conda.anaconda.org/conda-forge/osx-arm64/libsqlite-3.50.4-h4237e3c_0.conda
  sha256: 802ebe62e6bc59fc26b26276b793e0542cfff2d03c086440aeaf72fb8bbcec44
  md5: 1dcb0468f5146e38fae99aef9656034b
  depends:
  - __osx >=11.0
  - icu >=75.1,<76.0a0
  - libzlib >=1.3.1,<2.0a0
  license: blessing
  size: 902645
  timestamp: 1753948599139
- conda: https://conda.anaconda.org/conda-forge/osx-arm64/libuv-1.51.0-h6caf38d_1.conda
  sha256: 042c7488ad97a5629ec0a991a8b2a3345599401ecc75ad6a5af73b60e6db9689
  md5: c0d87c3c8e075daf1daf6c31b53e8083
  depends:
  - __osx >=11.0
  license: MIT
  license_family: MIT
  size: 421195
  timestamp: 1753948426421
- conda: https://conda.anaconda.org/conda-forge/osx-arm64/libzlib-1.3.1-h8359307_2.conda
  sha256: ce34669eadaba351cd54910743e6a2261b67009624dbc7daeeafdef93616711b
  md5: 369964e85dc26bfe78f41399b366c435
  depends:
  - __osx >=11.0
  constrains:
  - zlib 1.3.1 *_2
  license: Zlib
  license_family: Other
  size: 46438
  timestamp: 1727963202283
- conda: https://conda.anaconda.org/conda-forge/noarch/markdown-it-py-4.0.0-pyhd8ed1ab_0.conda
  sha256: 7b1da4b5c40385791dbc3cc85ceea9fad5da680a27d5d3cb8bfaa185e304a89e
  md5: 5b5203189eb668f042ac2b0826244964
  depends:
  - mdurl >=0.1,<1
  - python >=3.10
  license: MIT
  license_family: MIT
  size: 64736
  timestamp: 1754951288511
- conda: https://conda.anaconda.org/conda-forge/osx-arm64/markupsafe-3.0.3-py313h7d74516_0.conda
  sha256: e06902a1bf370fdd4ada0a8c81c504868fdb7e9971b72c6bd395aa4e5a497bd2
  md5: 3df5979cc0b761dda0053ffdb0bca3ea
  depends:
  - __osx >=11.0
  - python >=3.13,<3.14.0a0
  - python >=3.13,<3.14.0a0 *_cp313
  - python_abi 3.13.* *_cp313
  constrains:
  - jinja2 >=3.0.0
  license: BSD-3-Clause
  license_family: BSD
  size: 25778
  timestamp: 1759055530601
- conda: https://conda.anaconda.org/conda-forge/noarch/mdurl-0.1.2-pyhd8ed1ab_1.conda
  sha256: 78c1bbe1723449c52b7a9df1af2ee5f005209f67e40b6e1d3c7619127c43b1c7
  md5: 592132998493b3ff25fd7479396e8351
  depends:
  - python >=3.9
  license: MIT
  license_family: MIT
  size: 14465
  timestamp: 1733255681319
- conda: https://conda.anaconda.org/conda-forge/osx-arm64/ncurses-6.5-h5e97a16_3.conda
  sha256: 2827ada40e8d9ca69a153a45f7fd14f32b2ead7045d3bbb5d10964898fe65733
  md5: 068d497125e4bf8a66bf707254fff5ae
  depends:
  - __osx >=11.0
  license: X11 AND BSD-3-Clause
  size: 797030
  timestamp: 1738196177597
- conda: https://conda.anaconda.org/conda-forge/noarch/openai-2.1.0-pyhd8ed1ab_0.conda
  sha256: 5532218fec6acfcbdebf8ef0e721163eb1d99e45b062268450868daf0f51ee9b
  md5: 3098147aef5613b0c4b584760a51c7e4
  depends:
  - anyio >=3.5.0,<5
  - distro >=1.7.0,<2
  - httpx >=0.23.0,<1
  - jiter >=0.4.0,<1
  - pydantic >=1.9.0,<3
  - python >=3.10
  - sniffio
  - tqdm >4
  - typing-extensions >=4.11,<5
  - typing_extensions >=4.11,<5
  license: MIT
  license_family: MIT
  size: 356609
  timestamp: 1759463143210
- conda: https://conda.anaconda.org/conda-forge/osx-arm64/openssl-3.5.3-h5503f6c_1.conda
  sha256: d5499ee2611a0ca9d84e9d60a5978d1f17350e94915c89026f5d9346ccf0a987
  md5: 4b23b1e2aa9d81b16204e1304241ccae
  depends:
  - __osx >=11.0
  - ca-certificates
  license: Apache-2.0
  license_family: Apache
  size: 3069376
  timestamp: 1758598263612
- conda: https://conda.anaconda.org/conda-forge/noarch/pydantic-2.11.9-pyh3cfb1c2_0.conda
  sha256: c3ec0c2202d109cdd5cac008bf7a42b67d4aa3c4cc14b4ee3e00a00541eabd88
  md5: a6db60d33fe1ad50314a46749267fdfc
  depends:
  - annotated-types >=0.6.0
  - pydantic-core 2.33.2
  - python >=3.10
  - typing-extensions >=4.6.1
  - typing-inspection >=0.4.0
  - typing_extensions >=4.12.2
  license: MIT
  license_family: MIT
  size: 307176
  timestamp: 1757881787287
- conda: https://conda.anaconda.org/conda-forge/osx-arm64/pydantic-core-2.33.2-py313hf3ab51e_0.conda
  sha256: a70d31e04b81df4c98821668d87089279284d2dbcc70413f791eaa60b28f42fd
  md5: 0d5685f410c4234af909cde6fac63cb0
  depends:
  - python
  - typing-extensions >=4.6.0,!=4.7.0
  - python 3.13.* *_cp313
  - __osx >=11.0
  - python_abi 3.13.* *_cp313
  constrains:
  - __osx >=11.0
  license: MIT
  license_family: MIT
  size: 1720344
  timestamp: 1746625313921
- conda: https://conda.anaconda.org/conda-forge/noarch/pygments-2.19.2-pyhd8ed1ab_0.conda
  sha256: 5577623b9f6685ece2697c6eb7511b4c9ac5fb607c9babc2646c811b428fd46a
  md5: 6b6ece66ebcae2d5f326c77ef2c5a066
  depends:
  - python >=3.9
  license: BSD-2-Clause
  license_family: BSD
  size: 889287
  timestamp: 1750615908735
- conda: https://conda.anaconda.org/conda-forge/osx-arm64/python-3.13.7-h5c937ed_100_cp313.conda
  build_number: 100
  sha256: b9776cc330fa4836171a42e0e9d9d3da145d7702ba6ef9fad45e94f0f016eaef
  md5: 445d057271904b0e21e14b1fa1d07ba5
  depends:
  - __osx >=11.0
  - bzip2 >=1.0.8,<2.0a0
  - libexpat >=2.7.1,<3.0a0
  - libffi >=3.4.6,<3.5.0a0
  - liblzma >=5.8.1,<6.0a0
  - libmpdec >=4.0.0,<5.0a0
  - libsqlite >=3.50.4,<4.0a0
  - libzlib >=1.3.1,<2.0a0
  - ncurses >=6.5,<7.0a0
  - openssl >=3.5.2,<4.0a0
  - python_abi 3.13.* *_cp313
  - readline >=8.2,<9.0a0
  - tk >=8.6.13,<8.7.0a0
  - tzdata
  license: Python-2.0
  size: 11926240
  timestamp: 1756909724811
  python_site_packages_path: lib/python3.13/site-packages
- conda: https://conda.anaconda.org/conda-forge/noarch/python-dotenv-1.1.1-pyhe01879c_0.conda
  sha256: 9a90570085bedf4c6514bcd575456652c47918ff3d7b383349e26192a4805cc8
  md5: a245b3c04afa11e2e52a0db91550da7c
  depends:
  - python >=3.9
  - python
  license: BSD-3-Clause
  license_family: BSD
  size: 26031
  timestamp: 1750789290754
- conda: https://conda.anaconda.org/conda-forge/noarch/python-multipart-0.0.20-pyhff2d567_0.conda
  sha256: 1b03678d145b1675b757cba165a0d9803885807792f7eb4495e48a38858c3cca
  md5: a28c984e0429aff3ab7386f7de56de6f
  depends:
  - python >=3.9
  license: Apache-2.0
  license_family: Apache
  size: 27913
  timestamp: 1734420869885
- conda: https://conda.anaconda.org/conda-forge/noarch/python_abi-3.13-8_cp313.conda
  build_number: 8
  sha256: 210bffe7b121e651419cb196a2a63687b087497595c9be9d20ebe97dd06060a7
  md5: 94305520c52a4aa3f6c2b1ff6008d9f8
  constrains:
  - python 3.13.* *_cp313
  license: BSD-3-Clause
  license_family: BSD
  size: 7002
  timestamp: 1752805902938
- conda: https://conda.anaconda.org/conda-forge/osx-arm64/pyyaml-6.0.3-py313h7d74516_0.conda
  sha256: f5be0d84f72a567b7333b9efa74a65bfa44a25658cf107ffa3fc65d3ae6660d7
  md5: 0e8e3235217b4483a7461b63dca5826b
  depends:
  - __osx >=11.0
  - python >=3.13,<3.14.0a0
  - python >=3.13,<3.14.0a0 *_cp313
  - python_abi 3.13.* *_cp313
  - yaml >=0.2.5,<0.3.0a0
  license: MIT
  license_family: MIT
  size: 191630
  timestamp: 1758892258120
- conda: https://conda.anaconda.org/conda-forge/osx-arm64/readline-8.2-h1d1bf99_2.conda
  sha256: 7db04684d3904f6151eff8673270922d31da1eea7fa73254d01c437f49702e34
  md5: 63ef3f6e6d6d5c589e64f11263dc5676
  depends:
  - ncurses >=6.5,<7.0a0
  license: GPL-3.0-only
  license_family: GPL
  size: 252359
  timestamp: 1740379663071
- conda: https://conda.anaconda.org/conda-forge/noarch/rich-14.1.0-pyhe01879c_0.conda
  sha256: 3bda3cd6aa2ca8f266aeb8db1ec63683b4a7252d7832e8ec95788fb176d0e434
  md5: c41e49bd1f1479bed6c6300038c5466e
  depends:
  - markdown-it-py >=2.2.0
  - pygments >=2.13.0,<3.0.0
  - python >=3.9
  - typing_extensions >=4.0.0,<5.0.0
  - python
  license: MIT
  license_family: MIT
  size: 201098
  timestamp: 1753436991345
- conda: https://conda.anaconda.org/conda-forge/noarch/rich-toolkit-0.15.1-pyhcf101f3_0.conda
  sha256: 7c8ffaa40bf4ba5fc6bb8f0e4b9da77678fe74cdb50ab82041d6a5e4a25f530b
  md5: 12f69ed6e4115871451a3c7809b4651e
  depends:
  - python >=3.10
  - rich >=13.7.1
  - click >=8.1.7
  - typing_extensions >=4.12.2
  - python
  license: MIT
  license_family: MIT
  size: 29432
  timestamp: 1756998936181
- conda: https://conda.anaconda.org/conda-forge/noarch/shellingham-1.5.4-pyhd8ed1ab_1.conda
  sha256: 0557c090913aa63cdbe821dbdfa038a321b488e22bc80196c4b3b1aace4914ef
  md5: 7c3c2a0f3ebdea2bbc35538d162b43bf
  depends:
  - python >=3.9
  license: MIT
  license_family: MIT
  size: 14462
  timestamp: 1733301007770
- conda: https://conda.anaconda.org/conda-forge/noarch/sniffio-1.3.1-pyhd8ed1ab_1.conda
  sha256: c2248418c310bdd1719b186796ae50a8a77ce555228b6acd32768e2543a15012
  md5: bf7a226e58dfb8346c70df36065d86c9
  depends:
  - python >=3.9
  license: Apache-2.0
  license_family: Apache
  size: 15019
  timestamp: 1733244175724
- conda: https://conda.anaconda.org/conda-forge/noarch/starlette-0.48.0-pyhfdc7a7d_0.conda
  sha256: 9272bccaa0d7d0b0f925e1ffdac319493c4d25a8aed81b3904f62fe38ba7b047
  md5: 1549ff806d9b81492d14eaec12e3935d
  depends:
  - anyio >=3.6.2,<5
  - python >=3.10
  - typing_extensions >=4.10.0
  - python
  license: BSD-3-Clause
  license_family: BSD
  size: 64039
  timestamp: 1757860651806
- conda: https://conda.anaconda.org/conda-forge/osx-arm64/tk-8.6.13-h892fb3f_2.conda
  sha256: cb86c522576fa95c6db4c878849af0bccfd3264daf0cc40dd18e7f4a7bfced0e
  md5: 7362396c170252e7b7b0c8fb37fe9c78
  depends:
  - __osx >=11.0
  - libzlib >=1.3.1,<2.0a0
  license: TCL
  license_family: BSD
  size: 3125538
  timestamp: 1748388189063
- conda: https://conda.anaconda.org/conda-forge/noarch/tqdm-4.67.1-pyhd8ed1ab_1.conda
  sha256: 11e2c85468ae9902d24a27137b6b39b4a78099806e551d390e394a8c34b48e40
  md5: 9efbfdc37242619130ea42b1cc4ed861
  depends:
  - colorama
  - python >=3.9
  license: MPL-2.0 or MIT
  size: 89498
  timestamp: 1735661472632
- conda: https://conda.anaconda.org/conda-forge/noarch/typer-0.19.2-pyhef33e25_0.conda
  sha256: af84fb290bea38acba4210ecca00294c7c7fc158109f5748e1c48e6dcfb1e8d1
  md5: dad6001e0daae6af908857faeb3ea541
  depends:
  - typer-slim-standard ==0.19.2 h6e3bb38_0
  - python >=3.10
  - python
  license: MIT
  license_family: MIT
  size: 78588
  timestamp: 1758635560770
- conda: https://conda.anaconda.org/conda-forge/noarch/typer-slim-0.19.2-pyhcf101f3_0.conda
  sha256: af4f9ae437fec180e2efacded58c5d080b60d80e7ffa1158c3d403a5f963e01e
  md5: 375e664c2a0892eb4bdb33b0d03e5366
  depends:
  - python >=3.10
  - click >=8.0.0
  - typing_extensions >=3.7.4.3
  - python
  constrains:
  - typer 0.19.2.*
  - rich >=10.11.0
  - shellingham >=1.3.0
  license: MIT
  license_family: MIT
  size: 47186
  timestamp: 1758635560770
- conda: https://conda.anaconda.org/conda-forge/noarch/typer-slim-standard-0.19.2-h6e3bb38_0.conda
  sha256: 0225117f9fdec038c7bcf96414fea6096463d8a34159c368584f3575a04c4bcb
  md5: 3430c6397a612b9b54ec07d7fd6e0b18
  depends:
  - typer-slim ==0.19.2 pyhcf101f3_0
  - rich
  - shellingham
  license: MIT
  license_family: MIT
  size: 5300
  timestamp: 1758635560770
- conda: https://conda.anaconda.org/conda-forge/noarch/typing-extensions-4.15.0-h396c80c_0.conda
  sha256: 7c2df5721c742c2a47b2c8f960e718c930031663ac1174da67c1ed5999f7938c
  md5: edd329d7d3a4ab45dcf905899a7a6115
  depends:
  - typing_extensions ==4.15.0 pyhcf101f3_0
  license: PSF-2.0
  license_family: PSF
  size: 91383
  timestamp: 1756220668932
- conda: https://conda.anaconda.org/conda-forge/noarch/typing-inspection-0.4.1-pyhd8ed1ab_0.conda
  sha256: 4259a7502aea516c762ca8f3b8291b0d4114e094bdb3baae3171ccc0900e722f
  md5: e0c3cd765dc15751ee2f0b03cd015712
  depends:
  - python >=3.9
  - typing_extensions >=4.12.0
  license: MIT
  license_family: MIT
  size: 18809
  timestamp: 1747870776989
- conda: https://conda.anaconda.org/conda-forge/noarch/typing_extensions-4.15.0-pyhcf101f3_0.conda
  sha256: 032271135bca55aeb156cee361c81350c6f3fb203f57d024d7e5a1fc9ef18731
  md5: 0caa1af407ecff61170c9437a808404d
  depends:
  - python >=3.10
  - python
  license: PSF-2.0
  license_family: PSF
  size: 51692
  timestamp: 1756220668932
- conda: https://conda.anaconda.org/conda-forge/noarch/tzdata-2025b-h78e105d_0.conda
  sha256: 5aaa366385d716557e365f0a4e9c3fca43ba196872abbbe3d56bb610d131e192
  md5: 4222072737ccff51314b5ece9c7d6f5a
  license: LicenseRef-Public-Domain
  size: 122968
  timestamp: 1742727099393
- conda: https://conda.anaconda.org/conda-forge/noarch/uvicorn-0.37.0-pyh31011fe_0.conda
  sha256: 1be99fc1773247a7a6830d5ec1c0b9962a1ca684e9f54927d1be4301b4572842
  md5: 6b1475b42e54a66e8da512b2b04f33bd
  depends:
  - __unix
  - click >=7.0
  - h11 >=0.8
  - python >=3.10
  - typing_extensions >=4.0
  license: BSD-3-Clause
  license_family: BSD
  size: 51239
  timestamp: 1758652176787
- conda: https://conda.anaconda.org/conda-forge/noarch/uvicorn-standard-0.37.0-h31011fe_0.conda
  sha256: 59eb0fe055ac51b5d7f83fb45a373724ffa104ddf50cd1b6fd9d68d7c380eb3a
  md5: c42fc59b4279bcb28274aa6f21d5eb15
  depends:
  - __unix
  - httptools >=0.6.3
  - python-dotenv >=0.13
  - pyyaml >=5.1
  - uvicorn 0.37.0 pyh31011fe_0
  - uvloop >=0.14.0,!=0.15.0,!=0.15.1
  - watchfiles >=0.13
  - websockets >=10.4
  license: BSD-3-Clause
  license_family: BSD
  size: 7661
  timestamp: 1758652177552
- conda: https://conda.anaconda.org/conda-forge/osx-arm64/uvloop-0.21.0-py313h63a2874_1.conda
  sha256: cbe2756b88bb076a52122dcce19ea465bdb1a4ecfb57f9cc21a00e934c73b32f
  md5: 7fc209a93ef04d33ffe9d372126d8db8
  depends:
  - __osx >=11.0
  - libuv >=1.49.2,<2.0a0
  - python >=3.13,<3.14.0a0
  - python >=3.13,<3.14.0a0 *_cp313
  - python_abi 3.13.* *_cp313
  license: MIT OR Apache-2.0
  size: 543651
  timestamp: 1730214744398
- conda: https://conda.anaconda.org/conda-forge/osx-arm64/watchfiles-1.1.0-py313h6e3aefc_1.conda
  sha256: 81800247afe50388d97c3dec0d36a12d2189771643e2bad894701c22bebecb84
  md5: 22c28d64c6ba9f5b37cb698a9f15f0da
  depends:
  - __osx >=11.0
  - anyio >=3.0.0
  - python >=3.13,<3.14.0a0
  - python >=3.13,<3.14.0a0 *_cp313
  - python_abi 3.13.* *_cp313
  constrains:
  - __osx >=11.0
  license: MIT
  license_family: MIT
  size: 367927
  timestamp: 1757403792611
- conda: https://conda.anaconda.org/conda-forge/osx-arm64/websockets-15.0.1-py313h5b5ffa7_2.conda
  sha256: f69336b39d0c0e38d1e82054de850120478cabf0e661b0042967dde6df263a1c
  md5: ef9a9bc862e6b22426c2614748567b37
  depends:
  - python
  - python 3.13.* *_cp313
  - __osx >=11.0
  - python_abi 3.13.* *_cp313
  license: BSD-3-Clause
  license_family: BSD
  size: 367500
  timestamp: 1756476397592
- conda: https://conda.anaconda.org/conda-forge/osx-arm64/yaml-0.2.5-h925e9cb_3.conda
  sha256: b03433b13d89f5567e828ea9f1a7d5c5d697bf374c28a4168d71e9464f5dafac
  md5: 78a0fe9e9c50d2c381e8ee47e3ea437d
  depends:
  - __osx >=11.0
  license: MIT
  license_family: MIT
  size: 83386
  timestamp: 1753484079473
